PODS:
  - BubbleTagView (0.1.4):
    - FSQCollectionViewAlignedLayout (~> 1.1)
  - FSQCollectionViewAlignedLayout (1.1.1)

DEPENDENCIES:
  - BubbleTagView (from `../`)

EXTERNAL SOURCES:
  BubbleTagView:
    :path: ../

SPEC CHECKSUMS:
  BubbleTagView: dfc6814a8661a6a3b85e82371b8f26079b380f47
  FSQCollectionViewAlignedLayout: 122006b230bf5635ae159f1ad1eaa9b5ef11391e

COCOAPODS: 0.39.0
