PODS:
  - BubbleTagView (0.1.5):
    - FSQCollectionViewAlignedLayout (~> 1.1)
  - FSQCollectionViewAlignedLayout (1.1.1)

DEPENDENCIES:
  - BubbleTagView (from `../`)

EXTERNAL SOURCES:
  BubbleTagView:
    :path: ../

SPEC CHECKSUMS:
  BubbleTagView: e5cd3276d4fad2325cf29607fbaa148bae7264de
  FSQCollectionViewAlignedLayout: 122006b230bf5635ae159f1ad1eaa9b5ef11391e

COCOAPODS: 0.39.0
